
Microsoft Visual Studio Solution File, Format Version 12.00
# Visual Studio Version 17
VisualStudioVersion = 17.8.34004.107
MinimumVisualStudioVersion = 10.0.40219.1
Project("{9A19103F-16F7-4668-BE54-9A1E7A4F7556}") = "OrderBot", "OrderBot.csproj", "{CAC62C26-7AF4-4B53-A452-778D76687D92}"
EndProject
Global
	GlobalSection(SolutionConfigurationPlatforms) = preSolution
		Debug|Any CPU = Debug|Any CPU
		Release|Any CPU = Release|Any CPU
	EndGlobalSection
	GlobalSection(ProjectConfigurationPlatforms) = postSolution
		{CAC62C26-7AF4-4B53-A452-778D76687D92}.Debug|Any CPU.ActiveCfg = Debug|Any CPU
		{CAC62C26-7AF4-4B53-A452-778D76687D92}.Debug|Any CPU.Build.0 = Debug|Any CPU
		{CAC62C26-7AF4-4B53-A452-778D76687D92}.Debug|Any CPU.Deploy.0 = Debug|Any CPU
		{CAC62C26-7AF4-4B53-A452-778D76687D92}.Release|Any CPU.ActiveCfg = Release|Any CPU
		{CAC62C26-7AF4-4B53-A452-778D76687D92}.Release|Any CPU.Build.0 = Release|Any CPU
		{CAC62C26-7AF4-4B53-A452-778D76687D92}.Release|Any CPU.Deploy.0 = Release|Any CPU
	EndGlobalSection
	GlobalSection(SolutionProperties) = preSolution
		HideSolutionNode = FALSE
	EndGlobalSection
	GlobalSection(ExtensibilityGlobals) = postSolution
		SolutionGuid = {C632E914-987E-4274-91A0-14F12FE36231}
	EndGlobalSection
EndGlobal
