
Microsoft Visual Studio Solution File, Format Version 12.00
# Visual Studio Version 17
VisualStudioVersion = 17.7.33906.173
MinimumVisualStudioVersion = 10.0.40219.1
Project("{FAE04EC0-301F-11D3-BF4B-00C04F79EFBC}") = "ListBot", "ListBot.csproj", "{D97E2EB6-23D0-465E-B1AA-7043D1D73570}"
EndProject
Global
	GlobalSection(SolutionConfigurationPlatforms) = preSolution
		Debug|Any CPU = Debug|Any CPU
		Release|Any CPU = Release|Any CPU
	EndGlobalSection
	GlobalSection(ProjectConfigurationPlatforms) = postSolution
		{D97E2EB6-23D0-465E-B1AA-7043D1D73570}.Debug|Any CPU.ActiveCfg = Debug|Any CPU
		{D97E2EB6-23D0-465E-B1AA-7043D1D73570}.Debug|Any CPU.Build.0 = Debug|Any CPU
		{D97E2EB6-23D0-465E-B1AA-7043D1D73570}.Release|Any CPU.ActiveCfg = Release|Any CPU
		{D97E2EB6-23D0-465E-B1AA-7043D1D73570}.Release|Any CPU.Build.0 = Release|Any CPU
	EndGlobalSection
	GlobalSection(SolutionProperties) = preSolution
		HideSolutionNode = FALSE
	EndGlobalSection
	GlobalSection(ExtensibilityGlobals) = postSolution
		SolutionGuid = {46EF3539-CE3E-49B3-AECC-D462E32D866B}
	EndGlobalSection
EndGlobal
