{
  "name": "teams-ai",
  "lockfileVersion": 3,
  "requires": true,
  "packages": {
    "": {
      "name": "teams-ai",
      "workspaces": [
        "apps/*",
        "packages/*",
        "book"
      ],
      "devDependencies": {
        "prettier": "^3.5.3",
        "turbo": "^2.5.0",
        "typescript": "5.8.2"
      },
      "engines": {
        "node": ">=18"
      }
    },
    "apps/docs": {
      "version": "0.1.0",
      "extraneous": true,
      "dependencies": {
        "@repo/ui": "*",
        "next": "^15.3.0",
        "react": "^19.1.0",
        "react-dom": "^19.1.0"
      },
      "devDependencies": {
        "@repo/eslint-config": "*",
        "@repo/typescript-config": "*",
        "@types/node": "^22.14.0",
        "@types/react": "19.1.0",
        "@types/react-dom": "19.1.1",
        "eslint": "^9.24.0",
        "typescript": "5.8.2"
      }
    },
    "apps/web": {
      "version": "0.1.0",
      "extraneous": true,
      "dependencies": {
        "@repo/ui": "*",
        "next": "^15.3.0",
        "react": "^19.1.0",
        "react-dom": "^19.1.0"
      },
      "devDependencies": {
        "@repo/eslint-config": "*",
        "@repo/typescript-config": "*",
        "@types/node": "^22.14.0",
        "@types/react": "19.1.0",
        "@types/react-dom": "19.1.1",
        "eslint": "^9.24.0",
        "typescript": "5.8.2"
      }
    },
    "book": {
      "name": "mdbook-mermaid-preprocessor",
      "version": "1.0.0",
      "extraneous": true,
      "dependencies": {
        "@mermaid-js/mermaid-cli": "^10.8.0"
      },
      "devDependencies": {
        "@types/node": "^20.0.0",
        "ts-node": "^10.9.2",
        "typescript": "^5.0.0"
      }
    },
    "node_modules/prettier": {
      "version": "3.5.3",
      "resolved": "https://registry.npmjs.org/prettier/-/prettier-3.5.3.tgz",
      "integrity": "sha512-QQtaxnoDJeAkDvDKWCLiwIXkTgRhwYDEQCghU9Z6q03iyek/rxRh/2lC3HB7P8sWT2xC/y5JDctPLBIGzHKbhw==",
      "dev": true,
      "license": "MIT",
      "bin": {
        "prettier": "bin/prettier.cjs"
      },
      "engines": {
        "node": ">=14"
      },
      "funding": {
        "url": "https://github.com/prettier/prettier?sponsor=1"
      }
    },
    "node_modules/turbo": {
      "version": "2.5.0",
      "resolved": "https://registry.npmjs.org/turbo/-/turbo-2.5.0.tgz",
      "integrity": "sha512-PvSRruOsitjy6qdqwIIyolv99+fEn57gP6gn4zhsHTEcCYgXPhv6BAxzAjleS8XKpo+Y582vTTA9nuqYDmbRuA==",
      "dev": true,
      "license": "MIT",
      "bin": {
        "turbo": "bin/turbo"
      },
      "optionalDependencies": {
        "turbo-darwin-64": "2.5.0",
        "turbo-darwin-arm64": "2.5.0",
        "turbo-linux-64": "2.5.0",
        "turbo-linux-arm64": "2.5.0",
        "turbo-windows-64": "2.5.0",
        "turbo-windows-arm64": "2.5.0"
      }
    },
    "node_modules/turbo-darwin-64": {
      "version": "2.5.0",
      "resolved": "https://registry.npmjs.org/turbo-darwin-64/-/turbo-darwin-64-2.5.0.tgz",
      "integrity": "sha512-fP1hhI9zY8hv0idym3hAaXdPi80TLovmGmgZFocVAykFtOxF+GlfIgM/l4iLAV9ObIO4SUXPVWHeBZQQ+Hpjag==",
      "cpu": [
        "x64"
      ],
      "dev": true,
      "license": "MIT",
      "optional": true,
      "os": [
        "darwin"
      ]
    },
    "node_modules/turbo-darwin-arm64": {
      "version": "2.5.0",
      "resolved": "https://registry.npmjs.org/turbo-darwin-arm64/-/turbo-darwin-arm64-2.5.0.tgz",
      "integrity": "sha512-p9sYq7kXH7qeJwIQE86cOWv/xNqvow846l6c/qWc26Ib1ci5W7V0sI5thsrP3eH+VA0d+SHalTKg5SQXgNQBWA==",
      "cpu": [
        "arm64"
      ],
      "dev": true,
      "license": "MIT",
      "optional": true,
      "os": [
        "darwin"
      ]
    },
    "node_modules/turbo-linux-64": {
      "version": "2.5.0",
      "resolved": "https://registry.npmjs.org/turbo-linux-64/-/turbo-linux-64-2.5.0.tgz",
      "integrity": "sha512-1iEln2GWiF3iPPPS1HQJT6ZCFXynJPd89gs9SkggH2EJsj3eRUSVMmMC8y6d7bBbhBFsiGGazwFIYrI12zs6uQ==",
      "cpu": [
        "x64"
      ],
      "dev": true,
      "license": "MIT",
      "optional": true,
      "os": [
        "linux"
      ]
    },
    "node_modules/turbo-linux-arm64": {
      "version": "2.5.0",
      "resolved": "https://registry.npmjs.org/turbo-linux-arm64/-/turbo-linux-arm64-2.5.0.tgz",
      "integrity": "sha512-bKBcbvuQHmsX116KcxHJuAcppiiBOfivOObh2O5aXNER6mce7YDDQJy00xQQNp1DhEfcSV2uOsvb3O3nN2cbcA==",
      "cpu": [
        "arm64"
      ],
      "dev": true,
      "license": "MIT",
      "optional": true,
      "os": [
        "linux"
      ]
    },
    "node_modules/turbo-windows-64": {
      "version": "2.5.0",
      "resolved": "https://registry.npmjs.org/turbo-windows-64/-/turbo-windows-64-2.5.0.tgz",
      "integrity": "sha512-9BCo8oQ7BO7J0K913Czbc3tw8QwLqn2nTe4E47k6aVYkM12ASTScweXPTuaPFP5iYXAT6z5Dsniw704Ixa5eGg==",
      "cpu": [
        "x64"
      ],
      "dev": true,
      "license": "MIT",
      "optional": true,
      "os": [
        "win32"
      ]
    },
    "node_modules/turbo-windows-arm64": {
      "version": "2.5.0",
      "resolved": "https://registry.npmjs.org/turbo-windows-arm64/-/turbo-windows-arm64-2.5.0.tgz",
      "integrity": "sha512-OUHCV+ueXa3UzfZ4co/ueIHgeq9B2K48pZwIxKSm5VaLVuv8M13MhM7unukW09g++dpdrrE1w4IOVgxKZ0/exg==",
      "cpu": [
        "arm64"
      ],
      "dev": true,
      "license": "MIT",
      "optional": true,
      "os": [
        "win32"
      ]
    },
    "node_modules/typescript": {
      "version": "5.8.2",
      "resolved": "https://registry.npmjs.org/typescript/-/typescript-5.8.2.tgz",
      "integrity": "sha512-aJn6wq13/afZp/jT9QZmwEjDqqvSGp1VT5GVg+f/t6/oVyrgXM6BY1h9BRh/O5p3PlUPAe+WuiEZOmb/49RqoQ==",
      "dev": true,
      "license": "Apache-2.0",
      "bin": {
        "tsc": "bin/tsc",
        "tsserver": "bin/tsserver"
      },
      "engines": {
        "node": ">=14.17"
      }
    },
    "packages/devtools": {
      "name": "@microsoft/teams.devtools",
      "version": "0.2.9",
      "extraneous": true,
      "dependencies": {
        "@codemirror/lang-javascript": "^6.2.3",
        "@codemirror/lang-json": "^6.0.1",
        "@fluentui/react-components": "^9.6.0",
        "@fluentui/react-icons": "^2.0.274",
        "@microsoft/teams.api": "latest",
        "@microsoft/teams.apps": "latest",
        "@microsoft/teams.cards": "latest",
        "@microsoft/teams.common": "latest",
        "@uiw/codemirror-themes-all": "^4.23.9",
        "codemirror": "^6.0.1",
        "date-fns": "^4.1.0",
        "highlight.js": "^11.11.1",
        "mdast-util-from-markdown": "^2.0.2",
        "mdast-util-gfm": "^3.1.0",
        "micromark-extension-gfm": "^3.0.0",
        "react": "^18.3.1",
        "react-dom": "^18.3.1",
        "react-markdown": "^10.0.0",
        "react-router": "^7.2.0",
        "remark-breaks": "^4.0.0",
        "zustand": "^5.0.3"
      },
      "devDependencies": {
        "@eslint/js": "^9.19.0",
        "@rollup/plugin-node-resolve": "^16.0.0",
        "@types/react": "^18.3.18",
        "@types/react-dom": "^18.3.5",
        "@vitejs/plugin-react": "^4.3.4",
        "eslint": "^9.19.0",
        "eslint-plugin-react-compiler": "^19.0.0-beta-40c6c23-20250301",
        "eslint-plugin-react-hooks": "^5.0.0",
        "eslint-plugin-react-refresh": "^0.4.16",
        "globals": "^15.14.0",
        "prettier": "^3.2.5",
        "react-refresh": "^0.16.0",
        "remark-gfm": "^4.0.1",
        "typescript": "~5.7.2",
        "typescript-eslint": "^8.22.0",
        "vite": "^6.2.5"
      }
    },
    "packages/eslint-config": {
      "name": "@repo/eslint-config",
      "version": "0.0.0",
      "extraneous": true,
      "devDependencies": {
        "@eslint/js": "^9.24.0",
        "@next/eslint-plugin-next": "^15.3.0",
        "eslint": "^9.24.0",
        "eslint-config-prettier": "^10.1.1",
        "eslint-plugin-only-warn": "^1.1.0",
        "eslint-plugin-react": "^7.37.4",
        "eslint-plugin-react-hooks": "^5.2.0",
        "eslint-plugin-turbo": "^2.5.0",
        "globals": "^16.0.0",
        "typescript": "^5.8.2",
        "typescript-eslint": "^8.29.0"
      }
    },
    "packages/typescript-config": {
      "name": "@repo/typescript-config",
      "version": "0.0.0",
      "extraneous": true,
      "license": "MIT"
    },
    "packages/ui": {
      "name": "@repo/ui",
      "version": "0.0.0",
      "extraneous": true,
      "dependencies": {
        "react": "^19.1.0",
        "react-dom": "^19.1.0"
      },
      "devDependencies": {
        "@repo/eslint-config": "*",
        "@repo/typescript-config": "*",
        "@turbo/gen": "^2.5.0",
        "@types/node": "^22.14.0",
        "@types/react": "19.1.0",
        "@types/react-dom": "19.1.1",
        "eslint": "^9.24.0",
        "typescript": "5.8.2"
      }
    }
  }
}
