
Microsoft Visual Studio Solution File, Format Version 12.00
# Visual Studio Version 17
VisualStudioVersion = 17.5.33516.290
MinimumVisualStudioVersion = 10.0.40219.1
Project("{9A19103F-16F7-4668-BE54-9A1E7A4F7556}") = "Microsoft.Teams.AI", "Microsoft.TeamsAI\Microsoft.Teams.AI.csproj", "{BFAE7424-510C-4A42-B49C-9084FCB75AE3}"
EndProject
Project("{9A19103F-16F7-4668-BE54-9A1E7A4F7556}") = "Microsoft.Teams.AI.Tests", "Microsoft.TeamsAI.Tests\Microsoft.Teams.AI.Tests.csproj", "{7A24063E-21E1-4F01-B849-AD1C5B0C442D}"
EndProject
Global
	GlobalSection(SolutionConfigurationPlatforms) = preSolution
		Debug|Any CPU = Debug|Any CPU
		Release|Any CPU = Release|Any CPU
	EndGlobalSection
	GlobalSection(ProjectConfigurationPlatforms) = postSolution
		{BFAE7424-510C-4A42-B49C-9084FCB75AE3}.Debug|Any CPU.ActiveCfg = Debug|Any CPU
		{BFAE7424-510C-4A42-B49C-9084FCB75AE3}.Debug|Any CPU.Build.0 = Debug|Any CPU
		{BFAE7424-510C-4A42-B49C-9084FCB75AE3}.Release|Any CPU.ActiveCfg = Release|Any CPU
		{BFAE7424-510C-4A42-B49C-9084FCB75AE3}.Release|Any CPU.Build.0 = Release|Any CPU
		{7A24063E-21E1-4F01-B849-AD1C5B0C442D}.Debug|Any CPU.ActiveCfg = Debug|Any CPU
		{7A24063E-21E1-4F01-B849-AD1C5B0C442D}.Debug|Any CPU.Build.0 = Debug|Any CPU
		{7A24063E-21E1-4F01-B849-AD1C5B0C442D}.Release|Any CPU.ActiveCfg = Release|Any CPU
		{7A24063E-21E1-4F01-B849-AD1C5B0C442D}.Release|Any CPU.Build.0 = Release|Any CPU
	EndGlobalSection
	GlobalSection(SolutionProperties) = preSolution
		HideSolutionNode = FALSE
	EndGlobalSection
	GlobalSection(ExtensibilityGlobals) = postSolution
		SolutionGuid = {C479354B-B17B-46D0-8CAF-02E7599822C5}
	EndGlobalSection
EndGlobal
