
Microsoft Visual Studio Solution File, Format Version 12.00
# Visual Studio Version 17
VisualStudioVersion = 17.7.33906.173
MinimumVisualStudioVersion = 10.0.40219.1
Project("{9A19103F-16F7-4668-BE54-9A1E7A4F7556}") = "TypeAheadBot", "TypeAheadBot.csproj", "{B6A0748D-FE62-4B34-8379-65705C794426}"
EndProject
Global
	GlobalSection(SolutionConfigurationPlatforms) = preSolution
		Debug|Any CPU = Debug|Any CPU
		Release|Any CPU = Release|Any CPU
	EndGlobalSection
	GlobalSection(ProjectConfigurationPlatforms) = postSolution
		{B6A0748D-FE62-4B34-8379-65705C794426}.Debug|Any CPU.ActiveCfg = Debug|Any CPU
		{B6A0748D-FE62-4B34-8379-65705C794426}.Debug|Any CPU.Build.0 = Debug|Any CPU
		{B6A0748D-FE62-4B34-8379-65705C794426}.Release|Any CPU.ActiveCfg = Release|Any CPU
		{B6A0748D-FE62-4B34-8379-65705C794426}.Release|Any CPU.Build.0 = Release|Any CPU
	EndGlobalSection
	GlobalSection(SolutionProperties) = preSolution
		HideSolutionNode = FALSE
	EndGlobalSection
	GlobalSection(ExtensibilityGlobals) = postSolution
		SolutionGuid = {BB9CD1D4-DC41-458A-9AB2-A18113578396}
	EndGlobalSection
EndGlobal
