
Microsoft Visual Studio Solution File, Format Version 12.00
# Visual Studio Version 17
VisualStudioVersion = 17.8.34004.107
MinimumVisualStudioVersion = 10.0.40219.1
Project("{9A19103F-16F7-4668-BE54-9A1E7A4F7556}") = "MathBot", "MathBot.csproj", "{F52EC4EB-8F19-4907-8654-1A24D88C5F82}"
EndProject
Global
	GlobalSection(SolutionConfigurationPlatforms) = preSolution
		Debug|Any CPU = Debug|Any CPU
		Release|Any CPU = Release|Any CPU
	EndGlobalSection
	GlobalSection(ProjectConfigurationPlatforms) = postSolution
		{F52EC4EB-8F19-4907-8654-1A24D88C5F82}.Debug|Any CPU.ActiveCfg = Debug|Any CPU
		{F52EC4EB-8F19-4907-8654-1A24D88C5F82}.Debug|Any CPU.Build.0 = Debug|Any CPU
		{F52EC4EB-8F19-4907-8654-1A24D88C5F82}.Debug|Any CPU.Deploy.0 = Debug|Any CPU
		{F52EC4EB-8F19-4907-8654-1A24D88C5F82}.Release|Any CPU.ActiveCfg = Release|Any CPU
		{F52EC4EB-8F19-4907-8654-1A24D88C5F82}.Release|Any CPU.Build.0 = Release|Any CPU
		{F52EC4EB-8F19-4907-8654-1A24D88C5F82}.Release|Any CPU.Deploy.0 = Release|Any CPU
	EndGlobalSection
	GlobalSection(SolutionProperties) = preSolution
		HideSolutionNode = FALSE
	EndGlobalSection
	GlobalSection(ExtensibilityGlobals) = postSolution
		SolutionGuid = {97F7997F-8A69-4ED4-B50E-A794BE9D2396}
	EndGlobalSection
EndGlobal
