
Microsoft Visual Studio Solution File, Format Version 12.00
# Visual Studio Version 17
VisualStudioVersion = 17.7.33906.173
MinimumVisualStudioVersion = 10.0.40219.1
Project("{9A19103F-16F7-4668-BE54-9A1E7A4F7556}") = "TwentyQuestions", "TwentyQuestions.csproj", "{42BB3677-327F-4BBC-A61D-AA5AA47B5B23}"
EndProject
Global
	GlobalSection(SolutionConfigurationPlatforms) = preSolution
		Debug|Any CPU = Debug|Any CPU
		Release|Any CPU = Release|Any CPU
	EndGlobalSection
	GlobalSection(ProjectConfigurationPlatforms) = postSolution
		{42BB3677-327F-4BBC-A61D-AA5AA47B5B23}.Debug|Any CPU.ActiveCfg = Debug|Any CPU
		{42BB3677-327F-4BBC-A61D-AA5AA47B5B23}.Debug|Any CPU.Build.0 = Debug|Any CPU
		{42BB3677-327F-4BBC-A61D-AA5AA47B5B23}.Debug|Any CPU.Deploy.0 = Debug|Any CPU
		{42BB3677-327F-4BBC-A61D-AA5AA47B5B23}.Release|Any CPU.ActiveCfg = Release|Any CPU
		{42BB3677-327F-4BBC-A61D-AA5AA47B5B23}.Release|Any CPU.Build.0 = Release|Any CPU
		{42BB3677-327F-4BBC-A61D-AA5AA47B5B23}.Release|Any CPU.Deploy.0 = Release|Any CPU
	EndGlobalSection
	GlobalSection(SolutionProperties) = preSolution
		HideSolutionNode = FALSE
	EndGlobalSection
	GlobalSection(ExtensibilityGlobals) = postSolution
		SolutionGuid = {53C65090-34FC-4999-AA83-D3D7E204C160}
	EndGlobalSection
EndGlobal
