
Microsoft Visual Studio Solution File, Format Version 12.00
# Visual Studio Version 17
VisualStudioVersion = 17.7.33906.173
MinimumVisualStudioVersion = 10.0.40219.1
Project("{9A19103F-16F7-4668-BE54-9A1E7A4F7556}") = "CardGazer", "CardGazer.csproj", "{D045C9A3-F421-4E8B-91D0-33A62C61DCCD}"
EndProject
Global
	GlobalSection(SolutionConfigurationPlatforms) = preSolution
		Debug|Any CPU = Debug|Any CPU
		Release|Any CPU = Release|Any CPU
	EndGlobalSection
	GlobalSection(ProjectConfigurationPlatforms) = postSolution
		{D045C9A3-F421-4E8B-91D0-33A62C61DCCD}.Debug|Any CPU.ActiveCfg = Debug|Any CPU
		{D045C9A3-F421-4E8B-91D0-33A62C61DCCD}.Debug|Any CPU.Build.0 = Debug|Any CPU
		{D045C9A3-F421-4E8B-91D0-33A62C61DCCD}.Debug|Any CPU.Deploy.0 = Debug|Any CPU
		{D045C9A3-F421-4E8B-91D0-33A62C61DCCD}.Release|Any CPU.ActiveCfg = Release|Any CPU
		{D045C9A3-F421-4E8B-91D0-33A62C61DCCD}.Release|Any CPU.Build.0 = Release|Any CPU
		{D045C9A3-F421-4E8B-91D0-33A62C61DCCD}.Release|Any CPU.Deploy.0 = Release|Any CPU
	EndGlobalSection
	GlobalSection(SolutionProperties) = preSolution
		HideSolutionNode = FALSE
	EndGlobalSection
	GlobalSection(ExtensibilityGlobals) = postSolution
		SolutionGuid = {1A3065E4-A54D-45EE-BDCB-1BADCD6EA7CA}
	EndGlobalSection
EndGlobal
